// !$*UTF8*$!
{
	archiveVersion = 1;
	classes = {
	};
	objectVersion = 46;
	objects = {

/* Begin PBXBuildFile section */
		59802C871B32D882009497C2 /* AppDelegate.swift in Sources */ = {isa = PBXBuildFile; fileRef = 59802C861B32D882009497C2 /* AppDelegate.swift */; };
		59802C891B32D882009497C2 /* RecordSoundsViewController.swift in Sources */ = {isa = PBXBuildFile; fileRef = 59802C881B32D882009497C2 /* RecordSoundsViewController.swift */; };
		59802C8C1B32D882009497C2 /* Main.storyboard in Resources */ = {isa = PBXBuildFile; fileRef = 59802C8A1B32D882009497C2 /* Main.storyboard */; };
		59802C8E1B32D882009497C2 /* Images.xcassets in Resources */ = {isa = PBXBuildFile; fileRef = 59802C8D1B32D882009497C2 /* Images.xcassets */; };
		59802C911B32D882009497C2 /* LaunchScreen.xib in Resources */ = {isa = PBXBuildFile; fileRef = 59802C8F1B32D882009497C2 /* LaunchScreen.xib */; };
		59802C9D1B32D882009497C2 /* Pitch_PerfectTests.swift in Sources */ = {isa = PBXBuildFile; fileRef = 59802C9C1B32D882009497C2 /* Pitch_PerfectTests.swift */; };
		59A272FF1B33CAA80092DCFA /* PlaySoundsViewController.swift in Sources */ = {isa = PBXBuildFile; fileRef = 59A272FE1B33CAA80092DCFA /* PlaySoundsViewController.swift */; };
		59A3B5391B3429840047E246 /* RecordedAudio.swift in Sources */ = {isa = PBXBuildFile; fileRef = 59A3B5381B3429840047E246 /* RecordedAudio.swift */; };
		59B470571B33E0500007CB16 /* movie_quote.mp3 in Resources */ = {isa = PBXBuildFile; fileRef = 59B470561B33E0500007CB16 /* movie_quote.mp3 */; };
/* End PBXBuildFile section */

/* Begin PBXContainerItemProxy section */
		59802C971B32D882009497C2 /* PBXContainerItemProxy */ = {
			isa = PBXContainerItemProxy;
			containerPortal = 59802C791B32D882009497C2 /* Project object */;
			proxyType = 1;
			remoteGlobalIDString = 59802C801B32D882009497C2;
			remoteInfo = "Pitch Perfect";
		};
/* End PBXContainerItemProxy section */

/* Begin PBXFileReference section */
		59802C811B32D882009497C2 /* Pitch Perfect.app */ = {isa = PBXFileReference; explicitFileType = wrapper.application; includeInIndex = 0; path = "Pitch Perfect.app"; sourceTree = BUILT_PRODUCTS_DIR; };
		59802C851B32D882009497C2 /* Info.plist */ = {isa = PBXFileReference; lastKnownFileType = text.plist.xml; path = Info.plist; sourceTree = "<group>"; };
		59802C861B32D882009497C2 /* AppDelegate.swift */ = {isa = PBXFileReference; lastKnownFileType = sourcecode.swift; path = AppDelegate.swift; sourceTree = "<group>"; };
		59802C881B32D882009497C2 /* RecordSoundsViewController.swift */ = {isa = PBXFileReference; lastKnownFileType = sourcecode.swift; path = RecordSoundsViewController.swift; sourceTree = "<group>"; };
		59802C8B1B32D882009497C2 /* Base */ = {isa = PBXFileReference; lastKnownFileType = file.storyboard; name = Base; path = Base.lproj/Main.storyboard; sourceTree = "<group>"; };
		59802C8D1B32D882009497C2 /* Images.xcassets */ = {isa = PBXFileReference; lastKnownFileType = folder.assetcatalog; path = Images.xcassets; sourceTree = "<group>"; };
		59802C901B32D882009497C2 /* Base */ = {isa = PBXFileReference; lastKnownFileType = file.xib; name = Base; path = Base.lproj/LaunchScreen.xib; sourceTree = "<group>"; };
		59802C961B32D882009497C2 /* Pitch PerfectTests.xctest */ = {isa = PBXFileReference; explicitFileType = wrapper.cfbundle; includeInIndex = 0; path = "Pitch PerfectTests.xctest"; sourceTree = BUILT_PRODUCTS_DIR; };
		59802C9B1B32D882009497C2 /* Info.plist */ = {isa = PBXFileReference; lastKnownFileType = text.plist.xml; path = Info.plist; sourceTree = "<group>"; };
		59802C9C1B32D882009497C2 /* Pitch_PerfectTests.swift */ = {isa = PBXFileReference; lastKnownFileType = sourcecode.swift; path = Pitch_PerfectTests.swift; sourceTree = "<group>"; };
		59A272FE1B33CAA80092DCFA /* PlaySoundsViewController.swift */ = {isa = PBXFileReference; fileEncoding = 4; lastKnownFileType = sourcecode.swift; name = PlaySoundsViewController.swift; path = ../PlaySoundsViewController.swift; sourceTree = "<group>"; };
		59A3B5381B3429840047E246 /* RecordedAudio.swift */ = {isa = PBXFileReference; fileEncoding = 4; lastKnownFileType = sourcecode.swift; path = RecordedAudio.swift; sourceTree = "<group>"; };
		59B470561B33E0500007CB16 /* movie_quote.mp3 */ = {isa = PBXFileReference; lastKnownFileType = audio.mp3; path = movie_quote.mp3; sourceTree = "<group>"; };
/* End PBXFileReference section */

/* Begin PBXFrameworksBuildPhase section */
		59802C7E1B32D882009497C2 /* Frameworks */ = {
			isa = PBXFrameworksBuildPhase;
			buildActionMask = 2147483647;
			files = (
			);
			runOnlyForDeploymentPostprocessing = 0;
		};
		59802C931B32D882009497C2 /* Frameworks */ = {
			isa = PBXFrameworksBuildPhase;
			buildActionMask = 2147483647;
			files = (
			);
			runOnlyForDeploymentPostprocessing = 0;
		};
/* End PBXFrameworksBuildPhase section */

/* Begin PBXGroup section */
		59802C781B32D882009497C2 = {
			isa = PBXGroup;
			children = (
				59802C831B32D882009497C2 /* Pitch Perfect */,
				59802C991B32D882009497C2 /* Pitch PerfectTests */,
				59802C821B32D882009497C2 /* Products */,
			);
			sourceTree = "<group>";
		};
		59802C821B32D882009497C2 /* Products */ = {
			isa = PBXGroup;
			children = (
				59802C811B32D882009497C2 /* Pitch Perfect.app */,
				59802C961B32D882009497C2 /* Pitch PerfectTests.xctest */,
			);
			name = Products;
			sourceTree = "<group>";
		};
		59802C831B32D882009497C2 /* Pitch Perfect */ = {
			isa = PBXGroup;
			children = (
				59802C861B32D882009497C2 /* AppDelegate.swift */,
				59802C881B32D882009497C2 /* RecordSoundsViewController.swift */,
				59A272FE1B33CAA80092DCFA /* PlaySoundsViewController.swift */,
				59A3B5381B3429840047E246 /* RecordedAudio.swift */,
				59802C8A1B32D882009497C2 /* Main.storyboard */,
				59802C8D1B32D882009497C2 /* Images.xcassets */,
				59802C8F1B32D882009497C2 /* LaunchScreen.xib */,
				59802C841B32D882009497C2 /* Supporting Files */,
			);
			path = "Pitch Perfect";
			sourceTree = "<group>";
		};
		59802C841B32D882009497C2 /* Supporting Files */ = {
			isa = PBXGroup;
			children = (
				59B470561B33E0500007CB16 /* movie_quote.mp3 */,
				59802C851B32D882009497C2 /* Info.plist */,
			);
			name = "Supporting Files";
			sourceTree = "<group>";
		};
		59802C991B32D882009497C2 /* Pitch PerfectTests */ = {
			isa = PBXGroup;
			children = (
				59802C9C1B32D882009497C2 /* Pitch_PerfectTests.swift */,
				59802C9A1B32D882009497C2 /* Supporting Files */,
			);
			path = "Pitch PerfectTests";
			sourceTree = "<group>";
		};
		59802C9A1B32D882009497C2 /* Supporting Files */ = {
			isa = PBXGroup;
			children = (
				59802C9B1B32D882009497C2 /* Info.plist */,
			);
			name = "Supporting Files";
			sourceTree = "<group>";
		};
/* End PBXGroup section */

/* Begin PBXNativeTarget section */
		59802C801B32D882009497C2 /* Pitch Perfect */ = {
			isa = PBXNativeTarget;
			buildConfigurationList = 59802CA01B32D882009497C2 /* Build configuration list for PBXNativeTarget "Pitch Perfect" */;
			buildPhases = (
				59802C7D1B32D882009497C2 /* Sources */,
				59802C7E1B32D882009497C2 /* Frameworks */,
				59802C7F1B32D882009497C2 /* Resources */,
			);
			buildRules = (
			);
			dependencies = (
			);
			name = "Pitch Perfect";
			productName = "Pitch Perfect";
			productReference = 59802C811B32D882009497C2 /* Pitch Perfect.app */;
			productType = "com.apple.product-type.application";
		};
		59802C951B32D882009497C2 /* Pitch PerfectTests */ = {
			isa = PBXNativeTarget;
			buildConfigurationList = 59802CA31B32D882009497C2 /* Build configuration list for PBXNativeTarget "Pitch PerfectTests" */;
			buildPhases = (
				59802C921B32D882009497C2 /* Sources */,
				59802C931B32D882009497C2 /* Frameworks */,
				59802C941B32D882009497C2 /* Resources */,
			);
			buildRules = (
			);
			dependencies = (
				59802C981B32D882009497C2 /* PBXTargetDependency */,
			);
			name = "Pitch PerfectTests";
			productName = "Pitch PerfectTests";
			productReference = 59802C961B32D882009497C2 /* Pitch PerfectTests.xctest */;
			productType = "com.apple.product-type.bundle.unit-test";
		};
/* End PBXNativeTarget section */

/* Begin PBXProject section */
		59802C791B32D882009497C2 /* Project object */ = {
			isa = PBXProject;
			attributes = {
				LastUpgradeCheck = 0610;
				ORGANIZATIONNAME = "Brijrajsinh Gohil";
				TargetAttributes = {
					59802C801B32D882009497C2 = {
						CreatedOnToolsVersion = 6.1;
					};
					59802C951B32D882009497C2 = {
						CreatedOnToolsVersion = 6.1;
						TestTargetID = 59802C801B32D882009497C2;
					};
				};
			};
			buildConfigurationList = 59802C7C1B32D882009497C2 /* Build configuration list for PBXProject "Pitch Perfect" */;
			compatibilityVersion = "Xcode 3.2";
			developmentRegion = English;
			hasScannedForEncodings = 0;
			knownRegions = (
				en,
				Base,
			);
			mainGroup = 59802C781B32D882009497C2;
			productRefGroup = 59802C821B32D882009497C2 /* Products */;
			projectDirPath = "";
			projectRoot = "";
			targets = (
				59802C801B32D882009497C2 /* Pitch Perfect */,
				59802C951B32D882009497C2 /* Pitch PerfectTests */,
			);
		};
/* End PBXProject section */

/* Begin PBXResourcesBuildPhase section */
		59802C7F1B32D882009497C2 /* Resources */ = {
			isa = PBXResourcesBuildPhase;
			buildActionMask = 2147483647;
			files = (
				59802C8C1B32D882009497C2 /* Main.storyboard in Resources */,
				59802C911B32D882009497C2 /* LaunchScreen.xib in Resources */,
				59B470571B33E0500007CB16 /* movie_quote.mp3 in Resources */,
				59802C8E1B32D882009497C2 /* Images.xcassets in Resources */,
			);
			runOnlyForDeploymentPostprocessing = 0;
		};
		59802C941B32D882009497C2 /* Resources */ = {
			isa = PBXResourcesBuildPhase;
			buildActionMask = 2147483647;
			files = (
			);
			runOnlyForDeploymentPostprocessing = 0;
		};
/* End PBXResourcesBuildPhase section */

/* Begin PBXSourcesBuildPhase section */
		59802C7D1B32D882009497C2 /* Sources */ = {
			isa = PBXSourcesBuildPhase;
			buildActionMask = 2147483647;
			files = (
				59A3B5391B3429840047E246 /* RecordedAudio.swift in Sources */,
				59802C891B32D882009497C2 /* RecordSoundsViewController.swift in Sources */,
				59A272FF1B33CAA80092DCFA /* PlaySoundsViewController.swift in Sources */,
				59802C871B32D882009497C2 /* AppDelegate.swift in Sources */,
			);
			runOnlyForDeploymentPostprocessing = 0;
		};
		59802C921B32D882009497C2 /* Sources */ = {
			isa = PBXSourcesBuildPhase;
			buildActionMask = 2147483647;
			files = (
				59802C9D1B32D882009497C2 /* Pitch_PerfectTests.swift in Sources */,
			);
			runOnlyForDeploymentPostprocessing = 0;
		};
/* End PBXSourcesBuildPhase section */

/* Begin PBXTargetDependency section */
		59802C981B32D882009497C2 /* PBXTargetDependency */ = {
			isa = PBXTargetDependency;
			target = 59802C801B32D882009497C2 /* Pitch Perfect */;
			targetProxy = 59802C971B32D882009497C2 /* PBXContainerItemProxy */;
		};
/* End PBXTargetDependency section */

/* Begin PBXVariantGroup section */
		59802C8A1B32D882009497C2 /* Main.storyboard */ = {
			isa = PBXVariantGroup;
			children = (
				59802C8B1B32D882009497C2 /* Base */,
			);
			name = Main.storyboard;
			sourceTree = "<group>";
		};
		59802C8F1B32D882009497C2 /* LaunchScreen.xib */ = {
			isa = PBXVariantGroup;
			children = (
				59802C901B32D882009497C2 /* Base */,
			);
			name = LaunchScreen.xib;
			sourceTree = "<group>";
		};
/* End PBXVariantGroup section */

/* Begin XCBuildConfiguration section */
		59802C9E1B32D882009497C2 /* Debug */ = {
			isa = XCBuildConfiguration;
			buildSettings = {
				ALWAYS_SEARCH_USER_PATHS = NO;
				CLANG_CXX_LANGUAGE_STANDARD = "gnu++0x";
				CLANG_CXX_LIBRARY = "libc++";
				CLANG_ENABLE_MODULES = YES;
				CLANG_ENABLE_OBJC_ARC = YES;
				CLANG_WARN_BOOL_CONVERSION = YES;
				CLANG_WARN_CONSTANT_CONVERSION = YES;
				CLANG_WARN_DIRECT_OBJC_ISA_USAGE = YES_ERROR;
				CLANG_WARN_EMPTY_BODY = YES;
				CLANG_WARN_ENUM_CONVERSION = YES;
				CLANG_WARN_INT_CONVERSION = YES;
				CLANG_WARN_OBJC_ROOT_CLASS = YES_ERROR;
				CLANG_WARN_UNREACHABLE_CODE = YES;
				CLANG_WARN__DUPLICATE_METHOD_MATCH = YES;
				"CODE_SIGN_IDENTITY[sdk=iphoneos*]" = "iPhone Developer";
				COPY_PHASE_STRIP = NO;
				ENABLE_STRICT_OBJC_MSGSEND = YES;
				GCC_C_LANGUAGE_STANDARD = gnu99;
				GCC_DYNAMIC_NO_PIC = NO;
				GCC_OPTIMIZATION_LEVEL = 0;
				GCC_PREPROCESSOR_DEFINITIONS = (
					"DEBUG=1",
					"$(inherited)",
				);
				GCC_SYMBOLS_PRIVATE_EXTERN = NO;
				GCC_WARN_64_TO_32_BIT_CONVERSION = YES;
				GCC_WARN_ABOUT_RETURN_TYPE = YES_ERROR;
				GCC_WARN_UNDECLARED_SELECTOR = YES;
				GCC_WARN_UNINITIALIZED_AUTOS = YES_AGGRESSIVE;
				GCC_WARN_UNUSED_FUNCTION = YES;
				GCC_WARN_UNUSED_VARIABLE = YES;
				IPHONEOS_DEPLOYMENT_TARGET = 8.1;
				MTL_ENABLE_DEBUG_INFO = YES;
				ONLY_ACTIVE_ARCH = YES;
				SDKROOT = iphoneos;
				SWIFT_OPTIMIZATION_LEVEL = "-Onone";
			};
			name = Debug;
		};
		59802C9F1B32D882009497C2 /* Release */ = {
			isa = XCBuildConfiguration;
			buildSettings = {
				ALWAYS_SEARCH_USER_PATHS = NO;
				CLANG_CXX_LANGUAGE_STANDARD = "gnu++0x";
				CLANG_CXX_LIBRARY = "libc++";
				CLANG_ENABLE_MODULES = YES;
				CLANG_ENABLE_OBJC_ARC = YES;
				CLANG_WARN_BOOL_CONVERSION = YES;
				CLANG_WARN_CONSTANT_CONVERSION = YES;
				CLANG_WARN_DIRECT_OBJC_ISA_USAGE = YES_ERROR;
				CLANG_WARN_EMPTY_BODY = YES;
				CLANG_WARN_ENUM_CONVERSION = YES;
				CLANG_WARN_INT_CONVERSION = YES;
				CLANG_WARN_OBJC_ROOT_CLASS = YES_ERROR;
				CLANG_WARN_UNREACHABLE_CODE = YES;
				CLANG_WARN__DUPLICATE_METHOD_MATCH = YES;
				"CODE_SIGN_IDENTITY[sdk=iphoneos*]" = "iPhone Developer";
				COPY_PHASE_STRIP = YES;
				ENABLE_NS_ASSERTIONS = NO;
				ENABLE_STRICT_OBJC_MSGSEND = YES;
				GCC_C_LANGUAGE_STANDARD = gnu99;
				GCC_WARN_64_TO_32_BIT_CONVERSION = YES;
				GCC_WARN_ABOUT_RETURN_TYPE = YES_ERROR;
				GCC_WARN_UNDECLARED_SELECTOR = YES;
				GCC_WARN_UNINITIALIZED_AUTOS = YES_AGGRESSIVE;
				GCC_WARN_UNUSED_FUNCTION = YES;
				GCC_WARN_UNUSED_VARIABLE = YES;
				IPHONEOS_DEPLOYMENT_TARGET = 8.1;
				MTL_ENABLE_DEBUG_INFO = NO;
				SDKROOT = iphoneos;
				VALIDATE_PRODUCT = YES;
			};
			name = Release;
		};
		59802CA11B32D882009497C2 /* Debug */ = {
			isa = XCBuildConfiguration;
			buildSettings = {
				ASSETCATALOG_COMPILER_APPICON_NAME = AppIcon;
				INFOPLIST_FILE = "Pitch Perfect/Info.plist";
				LD_RUNPATH_SEARCH_PATHS = "$(inherited) @executable_path/Frameworks";
				PRODUCT_NAME = "$(TARGET_NAME)";
			};
			name = Debug;
		};
		59802CA21B32D882009497C2 /* Release */ = {
			isa = XCBuildConfiguration;
			buildSettings = {
				ASSETCATALOG_COMPILER_APPICON_NAME = AppIcon;
				INFOPLIST_FILE = "Pitch Perfect/Info.plist";
				LD_RUNPATH_SEARCH_PATHS = "$(inherited) @executable_path/Frameworks";
				PRODUCT_NAME = "$(TARGET_NAME)";
			};
			name = Release;
		};
		59802CA41B32D882009497C2 /* Debug */ = {
			isa = XCBuildConfiguration;
			buildSettings = {
				BUNDLE_LOADER = "$(TEST_HOST)";
				FRAMEWORK_SEARCH_PATHS = (
					"$(SDKROOT)/Developer/Library/Frameworks",
					"$(inherited)",
				);
				GCC_PREPROCESSOR_DEFINITIONS = (
					"DEBUG=1",
					"$(inherited)",
				);
				INFOPLIST_FILE = "Pitch PerfectTests/Info.plist";
				LD_RUNPATH_SEARCH_PATHS = "$(inherited) @executable_path/Frameworks @loader_path/Frameworks";
				PRODUCT_NAME = "$(TARGET_NAME)";
				TEST_HOST = "$(BUILT_PRODUCTS_DIR)/Pitch Perfect.app/Pitch Perfect";
			};
			name = Debug;
		};
		59802CA51B32D882009497C2 /* Release */ = {
			isa = XCBuildConfiguration;
			buildSettings = {
				BUNDLE_LOADER = "$(TEST_HOST)";
				FRAMEWORK_SEARCH_PATHS = (
					"$(SDKROOT)/Developer/Library/Frameworks",
					"$(inherited)",
				);
				INFOPLIST_FILE = "Pitch PerfectTests/Info.plist";
				LD_RUNPATH_SEARCH_PATHS = "$(inherited) @executable_path/Frameworks @loader_path/Frameworks";
				PRODUCT_NAME = "$(TARGET_NAME)";
				TEST_HOST = "$(BUILT_PRODUCTS_DIR)/Pitch Perfect.app/Pitch Perfect";
			};
			name = Release;
		};
/* End XCBuildConfiguration section */

/* Begin XCConfigurationList section */
		59802C7C1B32D882009497C2 /* Build configuration list for PBXProject "Pitch Perfect" */ = {
			isa = XCConfigurationList;
			buildConfigurations = (
				59802C9E1B32D882009497C2 /* Debug */,
				59802C9F1B32D882009497C2 /* Release */,
			);
			defaultConfigurationIsVisible = 0;
			defaultConfigurationName = Release;
		};
		59802CA01B32D882009497C2 /* Build configuration list for PBXNativeTarget "Pitch Perfect" */ = {
			isa = XCConfigurationList;
			buildConfigurations = (
				59802CA11B32D882009497C2 /* Debug */,
				59802CA21B32D882009497C2 /* Release */,
			);
			defaultConfigurationIsVisible = 0;
			defaultConfigurationName = Release;
		};
		59802CA31B32D882009497C2 /* Build configuration list for PBXNativeTarget "Pitch PerfectTests" */ = {
			isa = XCConfigurationList;
			buildConfigurations = (
				59802CA41B32D882009497C2 /* Debug */,
				59802CA51B32D882009497C2 /* Release */,
			);
			defaultConfigurationIsVisible = 0;
			defaultConfigurationName = Release;
		};
/* End XCConfigurationList section */
	};
	rootObject = 59802C791B32D882009497C2 /* Project object */;
}
